
Microsoft Visual Studio Solution File, Format Version 12.00
# Visual Studio Version 17
VisualStudioVersion = 17.10.35013.160
MinimumVisualStudioVersion = 10.0.40219.1
Project("{FAE04EC0-301F-11D3-BF4B-00C04F79EFBC}") = "P01_SalesDatabase", "P01_SalesDatabase\P01_SalesDatabase.csproj", "{0B5659DF-1540-493D-A513-6BAA14D62CF7}"
EndProject
Global
	GlobalSection(SolutionConfigurationPlatforms) = preSolution
		Debug|Any CPU = Debug|Any CPU
		Release|Any CPU = Release|Any CPU
	EndGlobalSection
	GlobalSection(ProjectConfigurationPlatforms) = postSolution
		{0B5659DF-1540-493D-A513-6BAA14D62CF7}.Debug|Any CPU.ActiveCfg = Debug|Any CPU
		{0B5659DF-1540-493D-A513-6BAA14D62CF7}.Debug|Any CPU.Build.0 = Debug|Any CPU
		{0B5659DF-1540-493D-A513-6BAA14D62CF7}.Release|Any CPU.ActiveCfg = Release|Any CPU
		{0B5659DF-1540-493D-A513-6BAA14D62CF7}.Release|Any CPU.Build.0 = Release|Any CPU
	EndGlobalSection
	GlobalSection(SolutionProperties) = preSolution
		HideSolutionNode = FALSE
	EndGlobalSection
	GlobalSection(ExtensibilityGlobals) = postSolution
		SolutionGuid = {48D9F40A-044A-45A9-A6A2-349A6DDB209E}
	EndGlobalSection
EndGlobal
